name: Sync package lock

on:
  push:
    branches: [main]
    paths:
      - package.json

permissions:
  contents: write

jobs:
  sync:
    runs-on: ubuntu-latest
    steps:
      - uses: actions/checkout@v4
      - uses: actions/setup-node@v4
        with:
          node-version: '22.18.0'
      - name: Regenerate lockfile safely
        run: npm install --package-lock-only --ignore-scripts
      - name: Install locked dependencies
        run: npm ci --ignore-scripts
      - name: Test
        run: npm test
      - name: Typecheck
        run: npm run typecheck
      - name: Build
        run: npm run build
      - name: Audit high severity
        run: npm audit --audit-level=high
      - name: Commit lockfile if changed
        run: |
          if git diff --quiet -- package-lock.json; then
            exit 0
          fi
          git config user.name "github-actions[bot]"
          git config user.email "41898282+github-actions[bot]@users.noreply.github.com"
          git add package-lock.json
          git commit -m "chore: sync package lock [skip ci]"
          git push
